// !$*UTF8*$!
{
	archiveVersion = 1;
	classes = {
	};
	objectVersion = 55;
	objects = {

/* Begin PBXBuildFile section */
		9881E698285E320400A7651F /* Projekt1App.swift in Sources */ = {isa = PBXBuildFile; fileRef = 9881E697285E320400A7651F /* Projekt1App.swift */; };
		9881E69A285E320400A7651F /* ContentView.swift in Sources */ = {isa = PBXBuildFile; fileRef = 9881E699285E320400A7651F /* ContentView.swift */; };
		9881E69C285E320600A7651F /* Assets.xcassets in Resources */ = {isa = PBXBuildFile; fileRef = 9881E69B285E320600A7651F /* Assets.xcassets */; };
		9881E69F285E320600A7651F /* Preview Assets.xcassets in Resources */ = {isa = PBXBuildFile; fileRef = 9881E69E285E320600A7651F /* Preview Assets.xcassets */; };
		9881E6A1285E320600A7651F /* Persistence.swift in Sources */ = {isa = PBXBuildFile; fileRef = 9881E6A0285E320600A7651F /* Persistence.swift */; };
		9881E6A4285E320600A7651F /* Projekt1.xcdatamodeld in Sources */ = {isa = PBXBuildFile; fileRef = 9881E6A2285E320600A7651F /* Projekt1.xcdatamodeld */; };
		9881E6B0285E334200A7651F /* User+CoreDataClass.swift in Sources */ = {isa = PBXBuildFile; fileRef = 9881E6AA285E334200A7651F /* User+CoreDataClass.swift */; };
		9881E6B1285E334200A7651F /* User+CoreDataProperties.swift in Sources */ = {isa = PBXBuildFile; fileRef = 9881E6AB285E334200A7651F /* User+CoreDataProperties.swift */; };
		9881E6B2285E334200A7651F /* Place+CoreDataClass.swift in Sources */ = {isa = PBXBuildFile; fileRef = 9881E6AC285E334200A7651F /* Place+CoreDataClass.swift */; };
		9881E6B3285E334200A7651F /* Place+CoreDataProperties.swift in Sources */ = {isa = PBXBuildFile; fileRef = 9881E6AD285E334200A7651F /* Place+CoreDataProperties.swift */; };
		9881E6B4285E334200A7651F /* Pin+CoreDataClass.swift in Sources */ = {isa = PBXBuildFile; fileRef = 9881E6AE285E334200A7651F /* Pin+CoreDataClass.swift */; };
		9881E6B5285E334200A7651F /* Pin+CoreDataProperties.swift in Sources */ = {isa = PBXBuildFile; fileRef = 9881E6AF285E334200A7651F /* Pin+CoreDataProperties.swift */; };
		9881E6B7285E339800A7651F /* RegisterView.swift in Sources */ = {isa = PBXBuildFile; fileRef = 9881E6B6285E339800A7651F /* RegisterView.swift */; };
		9881E6B9285E3ECB00A7651F /* MainView.swift in Sources */ = {isa = PBXBuildFile; fileRef = 9881E6B8285E3ECB00A7651F /* MainView.swift */; };
		CE85189C285EA3D6008C2053 /* MapKit.framework in Frameworks */ = {isa = PBXBuildFile; fileRef = CE85189B285EA3D6008C2053 /* MapKit.framework */; };
		CE85189D285EA3F8008C2053 /* MapKit.framework in Frameworks */ = {isa = PBXBuildFile; fileRef = CE85189B285EA3D6008C2053 /* MapKit.framework */; };
		CEF398E7285F2E00003DF1B2 /* EditView.swift in Sources */ = {isa = PBXBuildFile; fileRef = CEF398E6285F2E00003DF1B2 /* EditView.swift */; };
		CEF398E9285F74D0003DF1B2 /* AddView.swift in Sources */ = {isa = PBXBuildFile; fileRef = CEF398E8285F74CF003DF1B2 /* AddView.swift */; };
		CEF398EB285F8417003DF1B2 /* ShowPlace.swift in Sources */ = {isa = PBXBuildFile; fileRef = CEF398EA285F8416003DF1B2 /* ShowPlace.swift */; };
/* End PBXBuildFile section */

/* Begin PBXFileReference section */
		9881E694285E320400A7651F /* Projekt1.app */ = {isa = PBXFileReference; explicitFileType = wrapper.application; includeInIndex = 0; path = Projekt1.app; sourceTree = BUILT_PRODUCTS_DIR; };
		9881E697285E320400A7651F /* Projekt1App.swift */ = {isa = PBXFileReference; lastKnownFileType = sourcecode.swift; path = Projekt1App.swift; sourceTree = "<group>"; };
		9881E699285E320400A7651F /* ContentView.swift */ = {isa = PBXFileReference; lastKnownFileType = sourcecode.swift; path = ContentView.swift; sourceTree = "<group>"; };
		9881E69B285E320600A7651F /* Assets.xcassets */ = {isa = PBXFileReference; lastKnownFileType = folder.assetcatalog; path = Assets.xcassets; sourceTree = "<group>"; };
		9881E69E285E320600A7651F /* Preview Assets.xcassets */ = {isa = PBXFileReference; lastKnownFileType = folder.assetcatalog; path = "Preview Assets.xcassets"; sourceTree = "<group>"; };
		9881E6A0285E320600A7651F /* Persistence.swift */ = {isa = PBXFileReference; lastKnownFileType = sourcecode.swift; path = Persistence.swift; sourceTree = "<group>"; };
		9881E6A3285E320600A7651F /* Projekt1.xcdatamodel */ = {isa = PBXFileReference; lastKnownFileType = wrapper.xcdatamodel; path = Projekt1.xcdatamodel; sourceTree = "<group>"; };
		9881E6AA285E334200A7651F /* User+CoreDataClass.swift */ = {isa = PBXFileReference; lastKnownFileType = sourcecode.swift; path = "User+CoreDataClass.swift"; sourceTree = "<group>"; };
		9881E6AB285E334200A7651F /* User+CoreDataProperties.swift */ = {isa = PBXFileReference; lastKnownFileType = sourcecode.swift; path = "User+CoreDataProperties.swift"; sourceTree = "<group>"; };
		9881E6AC285E334200A7651F /* Place+CoreDataClass.swift */ = {isa = PBXFileReference; lastKnownFileType = sourcecode.swift; path = "Place+CoreDataClass.swift"; sourceTree = "<group>"; };
		9881E6AD285E334200A7651F /* Place+CoreDataProperties.swift */ = {isa = PBXFileReference; lastKnownFileType = sourcecode.swift; path = "Place+CoreDataProperties.swift"; sourceTree = "<group>"; };
		9881E6AE285E334200A7651F /* Pin+CoreDataClass.swift */ = {isa = PBXFileReference; lastKnownFileType = sourcecode.swift; path = "Pin+CoreDataClass.swift"; sourceTree = "<group>"; };
		9881E6AF285E334200A7651F /* Pin+CoreDataProperties.swift */ = {isa = PBXFileReference; lastKnownFileType = sourcecode.swift; path = "Pin+CoreDataProperties.swift"; sourceTree = "<group>"; };
		9881E6B6285E339800A7651F /* RegisterView.swift */ = {isa = PBXFileReference; lastKnownFileType = sourcecode.swift; path = RegisterView.swift; sourceTree = "<group>"; };
		9881E6B8285E3ECB00A7651F /* MainView.swift */ = {isa = PBXFileReference; lastKnownFileType = sourcecode.swift; path = MainView.swift; sourceTree = "<group>"; };
		CE85189B285EA3D6008C2053 /* MapKit.framework */ = {isa = PBXFileReference; lastKnownFileType = wrapper.framework; name = MapKit.framework; path = System/Library/Frameworks/MapKit.framework; sourceTree = SDKROOT; };
		CEF398E6285F2E00003DF1B2 /* EditView.swift */ = {isa = PBXFileReference; lastKnownFileType = sourcecode.swift; path = EditView.swift; sourceTree = "<group>"; };
		CEF398E8285F74CF003DF1B2 /* AddView.swift */ = {isa = PBXFileReference; lastKnownFileType = sourcecode.swift; path = AddView.swift; sourceTree = "<group>"; };
		CEF398EA285F8416003DF1B2 /* ShowPlace.swift */ = {isa = PBXFileReference; lastKnownFileType = sourcecode.swift; path = ShowPlace.swift; sourceTree = "<group>"; };
/* End PBXFileReference section */

/* Begin PBXFrameworksBuildPhase section */
		9881E691285E320400A7651F /* Frameworks */ = {
			isa = PBXFrameworksBuildPhase;
			buildActionMask = 2147483647;
			files = (
				CE85189D285EA3F8008C2053 /* MapKit.framework in Frameworks */,
				CE85189C285EA3D6008C2053 /* MapKit.framework in Frameworks */,
			);
			runOnlyForDeploymentPostprocessing = 0;
		};
/* End PBXFrameworksBuildPhase section */

/* Begin PBXGroup section */
		9881E68B285E320400A7651F = {
			isa = PBXGroup;
			children = (
				9881E6AA285E334200A7651F /* User+CoreDataClass.swift */,
				9881E6AB285E334200A7651F /* User+CoreDataProperties.swift */,
				9881E6AC285E334200A7651F /* Place+CoreDataClass.swift */,
				9881E6AD285E334200A7651F /* Place+CoreDataProperties.swift */,
				9881E6AE285E334200A7651F /* Pin+CoreDataClass.swift */,
				9881E6AF285E334200A7651F /* Pin+CoreDataProperties.swift */,
				9881E696285E320400A7651F /* Projekt1 */,
				9881E695285E320400A7651F /* Products */,
				CE85189A285EA3D5008C2053 /* Frameworks */,
			);
			sourceTree = "<group>";
		};
		9881E695285E320400A7651F /* Products */ = {
			isa = PBXGroup;
			children = (
				9881E694285E320400A7651F /* Projekt1.app */,
			);
			name = Products;
			sourceTree = "<group>";
		};
		9881E696285E320400A7651F /* Projekt1 */ = {
			isa = PBXGroup;
			children = (
				9881E6B8285E3ECB00A7651F /* MainView.swift */,
				9881E697285E320400A7651F /* Projekt1App.swift */,
				9881E699285E320400A7651F /* ContentView.swift */,
				9881E6B6285E339800A7651F /* RegisterView.swift */,
				CEF398EA285F8416003DF1B2 /* ShowPlace.swift */,
				CEF398E8285F74CF003DF1B2 /* AddView.swift */,
				CEF398E6285F2E00003DF1B2 /* EditView.swift */,
				9881E69B285E320600A7651F /* Assets.xcassets */,
				9881E6A0285E320600A7651F /* Persistence.swift */,
				9881E6A2285E320600A7651F /* Projekt1.xcdatamodeld */,
				9881E69D285E320600A7651F /* Preview Content */,
			);
			path = Projekt1;
			sourceTree = "<group>";
		};
		9881E69D285E320600A7651F /* Preview Content */ = {
			isa = PBXGroup;
			children = (
				9881E69E285E320600A7651F /* Preview Assets.xcassets */,
			);
			path = "Preview Content";
			sourceTree = "<group>";
		};
		CE85189A285EA3D5008C2053 /* Frameworks */ = {
			isa = PBXGroup;
			children = (
				CE85189B285EA3D6008C2053 /* MapKit.framework */,
			);
			name = Frameworks;
			sourceTree = "<group>";
		};
/* End PBXGroup section */

/* Begin PBXNativeTarget section */
		9881E693285E320400A7651F /* Projekt1 */ = {
			isa = PBXNativeTarget;
			buildConfigurationList = 9881E6A7285E320600A7651F /* Build configuration list for PBXNativeTarget "Projekt1" */;
			buildPhases = (
				9881E690285E320400A7651F /* Sources */,
				9881E691285E320400A7651F /* Frameworks */,
				9881E692285E320400A7651F /* Resources */,
			);
			buildRules = (
			);
			dependencies = (
			);
			name = Projekt1;
			productName = Projekt1;
			productReference = 9881E694285E320400A7651F /* Projekt1.app */;
			productType = "com.apple.product-type.application";
		};
/* End PBXNativeTarget section */

/* Begin PBXProject section */
		9881E68C285E320400A7651F /* Project object */ = {
			isa = PBXProject;
			attributes = {
				BuildIndependentTargetsInParallel = 1;
				LastSwiftUpdateCheck = 1340;
				LastUpgradeCheck = 1340;
				TargetAttributes = {
					9881E693285E320400A7651F = {
						CreatedOnToolsVersion = 13.4.1;
					};
				};
			};
			buildConfigurationList = 9881E68F285E320400A7651F /* Build configuration list for PBXProject "Projekt1" */;
			compatibilityVersion = "Xcode 13.0";
			developmentRegion = en;
			hasScannedForEncodings = 0;
			knownRegions = (
				en,
				Base,
			);
			mainGroup = 9881E68B285E320400A7651F;
			productRefGroup = 9881E695285E320400A7651F /* Products */;
			projectDirPath = "";
			projectRoot = "";
			targets = (
				9881E693285E320400A7651F /* Projekt1 */,
			);
		};
/* End PBXProject section */

/* Begin PBXResourcesBuildPhase section */
		9881E692285E320400A7651F /* Resources */ = {
			isa = PBXResourcesBuildPhase;
			buildActionMask = 2147483647;
			files = (
				9881E69F285E320600A7651F /* Preview Assets.xcassets in Resources */,
				9881E69C285E320600A7651F /* Assets.xcassets in Resources */,
			);
			runOnlyForDeploymentPostprocessing = 0;
		};
/* End PBXResourcesBuildPhase section */

/* Begin PBXSourcesBuildPhase section */
		9881E690285E320400A7651F /* Sources */ = {
			isa = PBXSourcesBuildPhase;
			buildActionMask = 2147483647;
			files = (
				CEF398E9285F74D0003DF1B2 /* AddView.swift in Sources */,
				9881E6B7285E339800A7651F /* RegisterView.swift in Sources */,
				9881E6B9285E3ECB00A7651F /* MainView.swift in Sources */,
				9881E6B4285E334200A7651F /* Pin+CoreDataClass.swift in Sources */,
				9881E6A1285E320600A7651F /* Persistence.swift in Sources */,
				CEF398EB285F8417003DF1B2 /* ShowPlace.swift in Sources */,
				9881E6B3285E334200A7651F /* Place+CoreDataProperties.swift in Sources */,
				9881E6B5285E334200A7651F /* Pin+CoreDataProperties.swift in Sources */,
				9881E6A4285E320600A7651F /* Projekt1.xcdatamodeld in Sources */,
				CEF398E7285F2E00003DF1B2 /* EditView.swift in Sources */,
				9881E6B2285E334200A7651F /* Place+CoreDataClass.swift in Sources */,
				9881E6B1285E334200A7651F /* User+CoreDataProperties.swift in Sources */,
				9881E69A285E320400A7651F /* ContentView.swift in Sources */,
				9881E698285E320400A7651F /* Projekt1App.swift in Sources */,
				9881E6B0285E334200A7651F /* User+CoreDataClass.swift in Sources */,
			);
			runOnlyForDeploymentPostprocessing = 0;
		};
/* End PBXSourcesBuildPhase section */

/* Begin XCBuildConfiguration section */
		9881E6A5285E320600A7651F /* Debug */ = {
			isa = XCBuildConfiguration;
			buildSettings = {
				ALWAYS_SEARCH_USER_PATHS = NO;
				CLANG_ANALYZER_NONNULL = YES;
				CLANG_ANALYZER_NUMBER_OBJECT_CONVERSION = YES_AGGRESSIVE;
				CLANG_CXX_LANGUAGE_STANDARD = "gnu++17";
				CLANG_ENABLE_MODULES = YES;
				CLANG_ENABLE_OBJC_ARC = YES;
				CLANG_ENABLE_OBJC_WEAK = YES;
				CLANG_WARN_BLOCK_CAPTURE_AUTORELEASING = YES;
				CLANG_WARN_BOOL_CONVERSION = YES;
				CLANG_WARN_COMMA = YES;
				CLANG_WARN_CONSTANT_CONVERSION = YES;
				CLANG_WARN_DEPRECATED_OBJC_IMPLEMENTATIONS = YES;
				CLANG_WARN_DIRECT_OBJC_ISA_USAGE = YES_ERROR;
				CLANG_WARN_DOCUMENTATION_COMMENTS = YES;
				CLANG_WARN_EMPTY_BODY = YES;
				CLANG_WARN_ENUM_CONVERSION = YES;
				CLANG_WARN_INFINITE_RECURSION = YES;
				CLANG_WARN_INT_CONVERSION = YES;
				CLANG_WARN_NON_LITERAL_NULL_CONVERSION = YES;
				CLANG_WARN_OBJC_IMPLICIT_RETAIN_SELF = YES;
				CLANG_WARN_OBJC_LITERAL_CONVERSION = YES;
				CLANG_WARN_OBJC_ROOT_CLASS = YES_ERROR;
				CLANG_WARN_QUOTED_INCLUDE_IN_FRAMEWORK_HEADER = YES;
				CLANG_WARN_RANGE_LOOP_ANALYSIS = YES;
				CLANG_WARN_STRICT_PROTOTYPES = YES;
				CLANG_WARN_SUSPICIOUS_MOVE = YES;
				CLANG_WARN_UNGUARDED_AVAILABILITY = YES_AGGRESSIVE;
				CLANG_WARN_UNREACHABLE_CODE = YES;
				CLANG_WARN__DUPLICATE_METHOD_MATCH = YES;
				COPY_PHASE_STRIP = NO;
				DEBUG_INFORMATION_FORMAT = dwarf;
				ENABLE_STRICT_OBJC_MSGSEND = YES;
				ENABLE_TESTABILITY = YES;
				GCC_C_LANGUAGE_STANDARD = gnu11;
				GCC_DYNAMIC_NO_PIC = NO;
				GCC_NO_COMMON_BLOCKS = YES;
				GCC_OPTIMIZATION_LEVEL = 0;
				GCC_PREPROCESSOR_DEFINITIONS = (
					"DEBUG=1",
					"$(inherited)",
				);
				GCC_WARN_64_TO_32_BIT_CONVERSION = YES;
				GCC_WARN_ABOUT_RETURN_TYPE = YES_ERROR;
				GCC_WARN_UNDECLARED_SELECTOR = YES;
				GCC_WARN_UNINITIALIZED_AUTOS = YES_AGGRESSIVE;
				GCC_WARN_UNUSED_FUNCTION = YES;
				GCC_WARN_UNUSED_VARIABLE = YES;
				IPHONEOS_DEPLOYMENT_TARGET = 15.5;
				MTL_ENABLE_DEBUG_INFO = INCLUDE_SOURCE;
				MTL_FAST_MATH = YES;
				ONLY_ACTIVE_ARCH = YES;
				SDKROOT = iphoneos;
				SWIFT_ACTIVE_COMPILATION_CONDITIONS = DEBUG;
				SWIFT_OPTIMIZATION_LEVEL = "-Onone";
			};
			name = Debug;
		};
		9881E6A6285E320600A7651F /* Release */ = {
			isa = XCBuildConfiguration;
			buildSettings = {
				ALWAYS_SEARCH_USER_PATHS = NO;
				CLANG_ANALYZER_NONNULL = YES;
				CLANG_ANALYZER_NUMBER_OBJECT_CONVERSION = YES_AGGRESSIVE;
				CLANG_CXX_LANGUAGE_STANDARD = "gnu++17";
				CLANG_ENABLE_MODULES = YES;
				CLANG_ENABLE_OBJC_ARC = YES;
				CLANG_ENABLE_OBJC_WEAK = YES;
				CLANG_WARN_BLOCK_CAPTURE_AUTORELEASING = YES;
				CLANG_WARN_BOOL_CONVERSION = YES;
				CLANG_WARN_COMMA = YES;
				CLANG_WARN_CONSTANT_CONVERSION = YES;
				CLANG_WARN_DEPRECATED_OBJC_IMPLEMENTATIONS = YES;
				CLANG_WARN_DIRECT_OBJC_ISA_USAGE = YES_ERROR;
				CLANG_WARN_DOCUMENTATION_COMMENTS = YES;
				CLANG_WARN_EMPTY_BODY = YES;
				CLANG_WARN_ENUM_CONVERSION = YES;
				CLANG_WARN_INFINITE_RECURSION = YES;
				CLANG_WARN_INT_CONVERSION = YES;
				CLANG_WARN_NON_LITERAL_NULL_CONVERSION = YES;
				CLANG_WARN_OBJC_IMPLICIT_RETAIN_SELF = YES;
				CLANG_WARN_OBJC_LITERAL_CONVERSION = YES;
				CLANG_WARN_OBJC_ROOT_CLASS = YES_ERROR;
				CLANG_WARN_QUOTED_INCLUDE_IN_FRAMEWORK_HEADER = YES;
				CLANG_WARN_RANGE_LOOP_ANALYSIS = YES;
				CLANG_WARN_STRICT_PROTOTYPES = YES;
				CLANG_WARN_SUSPICIOUS_MOVE = YES;
				CLANG_WARN_UNGUARDED_AVAILABILITY = YES_AGGRESSIVE;
				CLANG_WARN_UNREACHABLE_CODE = YES;
				CLANG_WARN__DUPLICATE_METHOD_MATCH = YES;
				COPY_PHASE_STRIP = NO;
				DEBUG_INFORMATION_FORMAT = "dwarf-with-dsym";
				ENABLE_NS_ASSERTIONS = NO;
				ENABLE_STRICT_OBJC_MSGSEND = YES;
				GCC_C_LANGUAGE_STANDARD = gnu11;
				GCC_NO_COMMON_BLOCKS = YES;
				GCC_WARN_64_TO_32_BIT_CONVERSION = YES;
				GCC_WARN_ABOUT_RETURN_TYPE = YES_ERROR;
				GCC_WARN_UNDECLARED_SELECTOR = YES;
				GCC_WARN_UNINITIALIZED_AUTOS = YES_AGGRESSIVE;
				GCC_WARN_UNUSED_FUNCTION = YES;
				GCC_WARN_UNUSED_VARIABLE = YES;
				IPHONEOS_DEPLOYMENT_TARGET = 15.5;
				MTL_ENABLE_DEBUG_INFO = NO;
				MTL_FAST_MATH = YES;
				SDKROOT = iphoneos;
				SWIFT_COMPILATION_MODE = wholemodule;
				SWIFT_OPTIMIZATION_LEVEL = "-O";
				VALIDATE_PRODUCT = YES;
			};
			name = Release;
		};
		9881E6A8285E320600A7651F /* Debug */ = {
			isa = XCBuildConfiguration;
			buildSettings = {
				ASSETCATALOG_COMPILER_APPICON_NAME = AppIcon;
				ASSETCATALOG_COMPILER_GLOBAL_ACCENT_COLOR_NAME = AccentColor;
				CODE_SIGN_STYLE = Automatic;
				CURRENT_PROJECT_VERSION = 1;
				DEVELOPMENT_ASSET_PATHS = "\"Projekt1/Preview Content\"";
				ENABLE_PREVIEWS = YES;
				GENERATE_INFOPLIST_FILE = YES;
				INFOPLIST_KEY_UIApplicationSceneManifest_Generation = YES;
				INFOPLIST_KEY_UIApplicationSupportsIndirectInputEvents = YES;
				INFOPLIST_KEY_UILaunchScreen_Generation = YES;
				INFOPLIST_KEY_UISupportedInterfaceOrientations_iPad = "UIInterfaceOrientationPortrait UIInterfaceOrientationPortraitUpsideDown UIInterfaceOrientationLandscapeLeft UIInterfaceOrientationLandscapeRight";
				INFOPLIST_KEY_UISupportedInterfaceOrientations_iPhone = "UIInterfaceOrientationPortrait UIInterfaceOrientationLandscapeLeft UIInterfaceOrientationLandscapeRight";
				IPHONEOS_DEPLOYMENT_TARGET = 15.2;
				LD_RUNPATH_SEARCH_PATHS = (
					"$(inherited)",
					"@executable_path/Frameworks",
				);
				MARKETING_VERSION = 1.0;
				PRODUCT_BUNDLE_IDENTIFIER = "Grymas-Corp.Projekt1";
				PRODUCT_NAME = "$(TARGET_NAME)";
				SWIFT_EMIT_LOC_STRINGS = YES;
				SWIFT_VERSION = 5.0;
				TARGETED_DEVICE_FAMILY = "1,2";
			};
			name = Debug;
		};
		9881E6A9285E320600A7651F /* Release */ = {
			isa = XCBuildConfiguration;
			buildSettings = {
				ASSETCATALOG_COMPILER_APPICON_NAME = AppIcon;
				ASSETCATALOG_COMPILER_GLOBAL_ACCENT_COLOR_NAME = AccentColor;
				CODE_SIGN_STYLE = Automatic;
				CURRENT_PROJECT_VERSION = 1;
				DEVELOPMENT_ASSET_PATHS = "\"Projekt1/Preview Content\"";
				ENABLE_PREVIEWS = YES;
				GENERATE_INFOPLIST_FILE = YES;
				INFOPLIST_KEY_UIApplicationSceneManifest_Generation = YES;
				INFOPLIST_KEY_UIApplicationSupportsIndirectInputEvents = YES;
				INFOPLIST_KEY_UILaunchScreen_Generation = YES;
				INFOPLIST_KEY_UISupportedInterfaceOrientations_iPad = "UIInterfaceOrientationPortrait UIInterfaceOrientationPortraitUpsideDown UIInterfaceOrientationLandscapeLeft UIInterfaceOrientationLandscapeRight";
				INFOPLIST_KEY_UISupportedInterfaceOrientations_iPhone = "UIInterfaceOrientationPortrait UIInterfaceOrientationLandscapeLeft UIInterfaceOrientationLandscapeRight";
				IPHONEOS_DEPLOYMENT_TARGET = 15.2;
				LD_RUNPATH_SEARCH_PATHS = (
					"$(inherited)",
					"@executable_path/Frameworks",
				);
				MARKETING_VERSION = 1.0;
				PRODUCT_BUNDLE_IDENTIFIER = "Grymas-Corp.Projekt1";
				PRODUCT_NAME = "$(TARGET_NAME)";
				SWIFT_EMIT_LOC_STRINGS = YES;
				SWIFT_VERSION = 5.0;
				TARGETED_DEVICE_FAMILY = "1,2";
			};
			name = Release;
		};
/* End XCBuildConfiguration section */

/* Begin XCConfigurationList section */
		9881E68F285E320400A7651F /* Build configuration list for PBXProject "Projekt1" */ = {
			isa = XCConfigurationList;
			buildConfigurations = (
				9881E6A5285E320600A7651F /* Debug */,
				9881E6A6285E320600A7651F /* Release */,
			);
			defaultConfigurationIsVisible = 0;
			defaultConfigurationName = Release;
		};
		9881E6A7285E320600A7651F /* Build configuration list for PBXNativeTarget "Projekt1" */ = {
			isa = XCConfigurationList;
			buildConfigurations = (
				9881E6A8285E320600A7651F /* Debug */,
				9881E6A9285E320600A7651F /* Release */,
			);
			defaultConfigurationIsVisible = 0;
			defaultConfigurationName = Release;
		};
/* End XCConfigurationList section */

/* Begin XCVersionGroup section */
		9881E6A2285E320600A7651F /* Projekt1.xcdatamodeld */ = {
			isa = XCVersionGroup;
			children = (
				9881E6A3285E320600A7651F /* Projekt1.xcdatamodel */,
			);
			currentVersion = 9881E6A3285E320600A7651F /* Projekt1.xcdatamodel */;
			path = Projekt1.xcdatamodeld;
			sourceTree = "<group>";
			versionGroupType = wrapper.xcdatamodel;
		};
/* End XCVersionGroup section */
	};
	rootObject = 9881E68C285E320400A7651F /* Project object */;
}
