// !$*UTF8*$!
{
	archiveVersion = 1;
	classes = {
	};
	objectVersion = 55;
	objects = {

/* Begin PBXBuildFile section */
		9804A3D228A06ED20022A2EA /* QuizzerApp.swift in Sources */ = {isa = PBXBuildFile; fileRef = 9804A3D128A06ED20022A2EA /* QuizzerApp.swift */; };
		9804A3D428A06ED20022A2EA /* ContentView.swift in Sources */ = {isa = PBXBuildFile; fileRef = 9804A3D328A06ED20022A2EA /* ContentView.swift */; };
		9804A3D628A06ED20022A2EA /* Assets.xcassets in Resources */ = {isa = PBXBuildFile; fileRef = 9804A3D528A06ED20022A2EA /* Assets.xcassets */; };
		9804A3D928A06ED20022A2EA /* Preview Assets.xcassets in Resources */ = {isa = PBXBuildFile; fileRef = 9804A3D828A06ED20022A2EA /* Preview Assets.xcassets */; };
		9804A3E128A0753E0022A2EA /* PrimaryButton.swift in Sources */ = {isa = PBXBuildFile; fileRef = 9804A3E028A0753E0022A2EA /* PrimaryButton.swift */; };
		9804A3E628A07CA40022A2EA /* QuizzModel.xcdatamodeld in Sources */ = {isa = PBXBuildFile; fileRef = 9804A3E428A07CA40022A2EA /* QuizzModel.xcdatamodeld */; };
		9804A3E828A07D510022A2EA /* DataController.swift in Sources */ = {isa = PBXBuildFile; fileRef = 9804A3E728A07D510022A2EA /* DataController.swift */; };
		9869963828A48C39006FD466 /* QuizzManager.swift in Sources */ = {isa = PBXBuildFile; fileRef = 9869963728A48C39006FD466 /* QuizzManager.swift */; };
		989FD0BF28B6C4DB00AD0C6A /* LeaderboardView.swift in Sources */ = {isa = PBXBuildFile; fileRef = 989FD0BE28B6C4DB00AD0C6A /* LeaderboardView.swift */; };
		98A8589D28A2EDF500951B03 /* RegisterView.swift in Sources */ = {isa = PBXBuildFile; fileRef = 98A8589C28A2EDF500951B03 /* RegisterView.swift */; };
		98A8589F28A3131100951B03 /* QuizzView.swift in Sources */ = {isa = PBXBuildFile; fileRef = 98A8589E28A3131100951B03 /* QuizzView.swift */; };
		98EDCE4428A42E6A00EE9765 /* QuestionView.swift in Sources */ = {isa = PBXBuildFile; fileRef = 98EDCE4328A42E6A00EE9765 /* QuestionView.swift */; };
		98EDCE4628A4310500EE9765 /* Extensions.swift in Sources */ = {isa = PBXBuildFile; fileRef = 98EDCE4528A4310500EE9765 /* Extensions.swift */; };
		98EDCE4828A4337100EE9765 /* ProgressBar.swift in Sources */ = {isa = PBXBuildFile; fileRef = 98EDCE4728A4337100EE9765 /* ProgressBar.swift */; };
		98EDCE4B28A447EB00EE9765 /* Answer.swift in Sources */ = {isa = PBXBuildFile; fileRef = 98EDCE4A28A447EB00EE9765 /* Answer.swift */; };
		98EDCE4D28A4488A00EE9765 /* AnswerRow.swift in Sources */ = {isa = PBXBuildFile; fileRef = 98EDCE4C28A4488A00EE9765 /* AnswerRow.swift */; };
		98EDCE4F28A4529F00EE9765 /* Quizz.swift in Sources */ = {isa = PBXBuildFile; fileRef = 98EDCE4E28A4529F00EE9765 /* Quizz.swift */; };
/* End PBXBuildFile section */

/* Begin PBXFileReference section */
		9804A3CE28A06ED20022A2EA /* Quizzer.app */ = {isa = PBXFileReference; explicitFileType = wrapper.application; includeInIndex = 0; path = Quizzer.app; sourceTree = BUILT_PRODUCTS_DIR; };
		9804A3D128A06ED20022A2EA /* QuizzerApp.swift */ = {isa = PBXFileReference; lastKnownFileType = sourcecode.swift; path = QuizzerApp.swift; sourceTree = "<group>"; };
		9804A3D328A06ED20022A2EA /* ContentView.swift */ = {isa = PBXFileReference; lastKnownFileType = sourcecode.swift; path = ContentView.swift; sourceTree = "<group>"; };
		9804A3D528A06ED20022A2EA /* Assets.xcassets */ = {isa = PBXFileReference; lastKnownFileType = folder.assetcatalog; path = Assets.xcassets; sourceTree = "<group>"; };
		9804A3D828A06ED20022A2EA /* Preview Assets.xcassets */ = {isa = PBXFileReference; lastKnownFileType = folder.assetcatalog; path = "Preview Assets.xcassets"; sourceTree = "<group>"; };
		9804A3E028A0753E0022A2EA /* PrimaryButton.swift */ = {isa = PBXFileReference; lastKnownFileType = sourcecode.swift; path = PrimaryButton.swift; sourceTree = "<group>"; };
		9804A3E528A07CA40022A2EA /* QuizzModel.xcdatamodel */ = {isa = PBXFileReference; lastKnownFileType = wrapper.xcdatamodel; path = QuizzModel.xcdatamodel; sourceTree = "<group>"; };
		9804A3E728A07D510022A2EA /* DataController.swift */ = {isa = PBXFileReference; lastKnownFileType = sourcecode.swift; path = DataController.swift; sourceTree = "<group>"; };
		9869963728A48C39006FD466 /* QuizzManager.swift */ = {isa = PBXFileReference; lastKnownFileType = sourcecode.swift; path = QuizzManager.swift; sourceTree = "<group>"; };
		989FD0BE28B6C4DB00AD0C6A /* LeaderboardView.swift */ = {isa = PBXFileReference; lastKnownFileType = sourcecode.swift; path = LeaderboardView.swift; sourceTree = "<group>"; };
		98A8589C28A2EDF500951B03 /* RegisterView.swift */ = {isa = PBXFileReference; lastKnownFileType = sourcecode.swift; path = RegisterView.swift; sourceTree = "<group>"; };
		98A8589E28A3131100951B03 /* QuizzView.swift */ = {isa = PBXFileReference; lastKnownFileType = sourcecode.swift; path = QuizzView.swift; sourceTree = "<group>"; };
		98EDCE4328A42E6A00EE9765 /* QuestionView.swift */ = {isa = PBXFileReference; lastKnownFileType = sourcecode.swift; path = QuestionView.swift; sourceTree = "<group>"; };
		98EDCE4528A4310500EE9765 /* Extensions.swift */ = {isa = PBXFileReference; lastKnownFileType = sourcecode.swift; path = Extensions.swift; sourceTree = "<group>"; };
		98EDCE4728A4337100EE9765 /* ProgressBar.swift */ = {isa = PBXFileReference; lastKnownFileType = sourcecode.swift; path = ProgressBar.swift; sourceTree = "<group>"; };
		98EDCE4A28A447EB00EE9765 /* Answer.swift */ = {isa = PBXFileReference; lastKnownFileType = sourcecode.swift; path = Answer.swift; sourceTree = "<group>"; };
		98EDCE4C28A4488A00EE9765 /* AnswerRow.swift */ = {isa = PBXFileReference; lastKnownFileType = sourcecode.swift; path = AnswerRow.swift; sourceTree = "<group>"; };
		98EDCE4E28A4529F00EE9765 /* Quizz.swift */ = {isa = PBXFileReference; lastKnownFileType = sourcecode.swift; path = Quizz.swift; sourceTree = "<group>"; };
/* End PBXFileReference section */

/* Begin PBXFrameworksBuildPhase section */
		9804A3CB28A06ED20022A2EA /* Frameworks */ = {
			isa = PBXFrameworksBuildPhase;
			buildActionMask = 2147483647;
			files = (
			);
			runOnlyForDeploymentPostprocessing = 0;
		};
/* End PBXFrameworksBuildPhase section */

/* Begin PBXGroup section */
		9804A3C528A06ED10022A2EA = {
			isa = PBXGroup;
			children = (
				9804A3D028A06ED20022A2EA /* Quizzer */,
				9804A3CF28A06ED20022A2EA /* Products */,
			);
			sourceTree = "<group>";
		};
		9804A3CF28A06ED20022A2EA /* Products */ = {
			isa = PBXGroup;
			children = (
				9804A3CE28A06ED20022A2EA /* Quizzer.app */,
			);
			name = Products;
			sourceTree = "<group>";
		};
		9804A3D028A06ED20022A2EA /* Quizzer */ = {
			isa = PBXGroup;
			children = (
				9804A3D128A06ED20022A2EA /* QuizzerApp.swift */,
				9804A3E328A07C850022A2EA /* DataModel */,
				9804A3E228A077EA0022A2EA /* Views */,
				98EDCE4928A447C800EE9765 /* Models */,
				9804A3DF28A075200022A2EA /* Components */,
				9804A3D528A06ED20022A2EA /* Assets.xcassets */,
				9804A3D728A06ED20022A2EA /* Preview Content */,
			);
			path = Quizzer;
			sourceTree = "<group>";
		};
		9804A3D728A06ED20022A2EA /* Preview Content */ = {
			isa = PBXGroup;
			children = (
				9804A3D828A06ED20022A2EA /* Preview Assets.xcassets */,
			);
			path = "Preview Content";
			sourceTree = "<group>";
		};
		9804A3DF28A075200022A2EA /* Components */ = {
			isa = PBXGroup;
			children = (
				98EDCE4528A4310500EE9765 /* Extensions.swift */,
				9804A3E028A0753E0022A2EA /* PrimaryButton.swift */,
				98EDCE4C28A4488A00EE9765 /* AnswerRow.swift */,
			);
			path = Components;
			sourceTree = "<group>";
		};
		9804A3E228A077EA0022A2EA /* Views */ = {
			isa = PBXGroup;
			children = (
				98EDCE4328A42E6A00EE9765 /* QuestionView.swift */,
				9804A3D328A06ED20022A2EA /* ContentView.swift */,
				98A8589C28A2EDF500951B03 /* RegisterView.swift */,
				98A8589E28A3131100951B03 /* QuizzView.swift */,
				98EDCE4728A4337100EE9765 /* ProgressBar.swift */,
				989FD0BE28B6C4DB00AD0C6A /* LeaderboardView.swift */,
			);
			path = Views;
			sourceTree = "<group>";
		};
		9804A3E328A07C850022A2EA /* DataModel */ = {
			isa = PBXGroup;
			children = (
				9804A3E428A07CA40022A2EA /* QuizzModel.xcdatamodeld */,
				9804A3E728A07D510022A2EA /* DataController.swift */,
				9869963728A48C39006FD466 /* QuizzManager.swift */,
			);
			path = DataModel;
			sourceTree = "<group>";
		};
		98EDCE4928A447C800EE9765 /* Models */ = {
			isa = PBXGroup;
			children = (
				98EDCE4A28A447EB00EE9765 /* Answer.swift */,
				98EDCE4E28A4529F00EE9765 /* Quizz.swift */,
			);
			path = Models;
			sourceTree = "<group>";
		};
/* End PBXGroup section */

/* Begin PBXNativeTarget section */
		9804A3CD28A06ED20022A2EA /* Quizzer */ = {
			isa = PBXNativeTarget;
			buildConfigurationList = 9804A3DC28A06ED20022A2EA /* Build configuration list for PBXNativeTarget "Quizzer" */;
			buildPhases = (
				9804A3CA28A06ED20022A2EA /* Sources */,
				9804A3CB28A06ED20022A2EA /* Frameworks */,
				9804A3CC28A06ED20022A2EA /* Resources */,
			);
			buildRules = (
			);
			dependencies = (
			);
			name = Quizzer;
			productName = Quizzer;
			productReference = 9804A3CE28A06ED20022A2EA /* Quizzer.app */;
			productType = "com.apple.product-type.application";
		};
/* End PBXNativeTarget section */

/* Begin PBXProject section */
		9804A3C628A06ED10022A2EA /* Project object */ = {
			isa = PBXProject;
			attributes = {
				BuildIndependentTargetsInParallel = 1;
				LastSwiftUpdateCheck = 1340;
				LastUpgradeCheck = 1340;
				TargetAttributes = {
					9804A3CD28A06ED20022A2EA = {
						CreatedOnToolsVersion = 13.4.1;
					};
				};
			};
			buildConfigurationList = 9804A3C928A06ED10022A2EA /* Build configuration list for PBXProject "Quizzer" */;
			compatibilityVersion = "Xcode 13.0";
			developmentRegion = en;
			hasScannedForEncodings = 0;
			knownRegions = (
				en,
				Base,
			);
			mainGroup = 9804A3C528A06ED10022A2EA;
			productRefGroup = 9804A3CF28A06ED20022A2EA /* Products */;
			projectDirPath = "";
			projectRoot = "";
			targets = (
				9804A3CD28A06ED20022A2EA /* Quizzer */,
			);
		};
/* End PBXProject section */

/* Begin PBXResourcesBuildPhase section */
		9804A3CC28A06ED20022A2EA /* Resources */ = {
			isa = PBXResourcesBuildPhase;
			buildActionMask = 2147483647;
			files = (
				9804A3D928A06ED20022A2EA /* Preview Assets.xcassets in Resources */,
				9804A3D628A06ED20022A2EA /* Assets.xcassets in Resources */,
			);
			runOnlyForDeploymentPostprocessing = 0;
		};
/* End PBXResourcesBuildPhase section */

/* Begin PBXSourcesBuildPhase section */
		9804A3CA28A06ED20022A2EA /* Sources */ = {
			isa = PBXSourcesBuildPhase;
			buildActionMask = 2147483647;
			files = (
				98EDCE4428A42E6A00EE9765 /* QuestionView.swift in Sources */,
				98EDCE4628A4310500EE9765 /* Extensions.swift in Sources */,
				9804A3E828A07D510022A2EA /* DataController.swift in Sources */,
				9804A3E128A0753E0022A2EA /* PrimaryButton.swift in Sources */,
				9804A3D428A06ED20022A2EA /* ContentView.swift in Sources */,
				9869963828A48C39006FD466 /* QuizzManager.swift in Sources */,
				98EDCE4B28A447EB00EE9765 /* Answer.swift in Sources */,
				98A8589F28A3131100951B03 /* QuizzView.swift in Sources */,
				98A8589D28A2EDF500951B03 /* RegisterView.swift in Sources */,
				9804A3D228A06ED20022A2EA /* QuizzerApp.swift in Sources */,
				989FD0BF28B6C4DB00AD0C6A /* LeaderboardView.swift in Sources */,
				98EDCE4828A4337100EE9765 /* ProgressBar.swift in Sources */,
				98EDCE4D28A4488A00EE9765 /* AnswerRow.swift in Sources */,
				9804A3E628A07CA40022A2EA /* QuizzModel.xcdatamodeld in Sources */,
				98EDCE4F28A4529F00EE9765 /* Quizz.swift in Sources */,
			);
			runOnlyForDeploymentPostprocessing = 0;
		};
/* End PBXSourcesBuildPhase section */

/* Begin XCBuildConfiguration section */
		9804A3DA28A06ED20022A2EA /* Debug */ = {
			isa = XCBuildConfiguration;
			buildSettings = {
				ALWAYS_SEARCH_USER_PATHS = NO;
				CLANG_ANALYZER_NONNULL = YES;
				CLANG_ANALYZER_NUMBER_OBJECT_CONVERSION = YES_AGGRESSIVE;
				CLANG_CXX_LANGUAGE_STANDARD = "gnu++17";
				CLANG_ENABLE_MODULES = YES;
				CLANG_ENABLE_OBJC_ARC = YES;
				CLANG_ENABLE_OBJC_WEAK = YES;
				CLANG_WARN_BLOCK_CAPTURE_AUTORELEASING = YES;
				CLANG_WARN_BOOL_CONVERSION = YES;
				CLANG_WARN_COMMA = YES;
				CLANG_WARN_CONSTANT_CONVERSION = YES;
				CLANG_WARN_DEPRECATED_OBJC_IMPLEMENTATIONS = YES;
				CLANG_WARN_DIRECT_OBJC_ISA_USAGE = YES_ERROR;
				CLANG_WARN_DOCUMENTATION_COMMENTS = YES;
				CLANG_WARN_EMPTY_BODY = YES;
				CLANG_WARN_ENUM_CONVERSION = YES;
				CLANG_WARN_INFINITE_RECURSION = YES;
				CLANG_WARN_INT_CONVERSION = YES;
				CLANG_WARN_NON_LITERAL_NULL_CONVERSION = YES;
				CLANG_WARN_OBJC_IMPLICIT_RETAIN_SELF = YES;
				CLANG_WARN_OBJC_LITERAL_CONVERSION = YES;
				CLANG_WARN_OBJC_ROOT_CLASS = YES_ERROR;
				CLANG_WARN_QUOTED_INCLUDE_IN_FRAMEWORK_HEADER = YES;
				CLANG_WARN_RANGE_LOOP_ANALYSIS = YES;
				CLANG_WARN_STRICT_PROTOTYPES = YES;
				CLANG_WARN_SUSPICIOUS_MOVE = YES;
				CLANG_WARN_UNGUARDED_AVAILABILITY = YES_AGGRESSIVE;
				CLANG_WARN_UNREACHABLE_CODE = YES;
				CLANG_WARN__DUPLICATE_METHOD_MATCH = YES;
				COPY_PHASE_STRIP = NO;
				DEBUG_INFORMATION_FORMAT = dwarf;
				ENABLE_STRICT_OBJC_MSGSEND = YES;
				ENABLE_TESTABILITY = YES;
				GCC_C_LANGUAGE_STANDARD = gnu11;
				GCC_DYNAMIC_NO_PIC = NO;
				GCC_NO_COMMON_BLOCKS = YES;
				GCC_OPTIMIZATION_LEVEL = 0;
				GCC_PREPROCESSOR_DEFINITIONS = (
					"DEBUG=1",
					"$(inherited)",
				);
				GCC_WARN_64_TO_32_BIT_CONVERSION = YES;
				GCC_WARN_ABOUT_RETURN_TYPE = YES_ERROR;
				GCC_WARN_UNDECLARED_SELECTOR = YES;
				GCC_WARN_UNINITIALIZED_AUTOS = YES_AGGRESSIVE;
				GCC_WARN_UNUSED_FUNCTION = YES;
				GCC_WARN_UNUSED_VARIABLE = YES;
				IPHONEOS_DEPLOYMENT_TARGET = 15.5;
				MTL_ENABLE_DEBUG_INFO = INCLUDE_SOURCE;
				MTL_FAST_MATH = YES;
				ONLY_ACTIVE_ARCH = YES;
				SDKROOT = iphoneos;
				SWIFT_ACTIVE_COMPILATION_CONDITIONS = DEBUG;
				SWIFT_OPTIMIZATION_LEVEL = "-Onone";
			};
			name = Debug;
		};
		9804A3DB28A06ED20022A2EA /* Release */ = {
			isa = XCBuildConfiguration;
			buildSettings = {
				ALWAYS_SEARCH_USER_PATHS = NO;
				CLANG_ANALYZER_NONNULL = YES;
				CLANG_ANALYZER_NUMBER_OBJECT_CONVERSION = YES_AGGRESSIVE;
				CLANG_CXX_LANGUAGE_STANDARD = "gnu++17";
				CLANG_ENABLE_MODULES = YES;
				CLANG_ENABLE_OBJC_ARC = YES;
				CLANG_ENABLE_OBJC_WEAK = YES;
				CLANG_WARN_BLOCK_CAPTURE_AUTORELEASING = YES;
				CLANG_WARN_BOOL_CONVERSION = YES;
				CLANG_WARN_COMMA = YES;
				CLANG_WARN_CONSTANT_CONVERSION = YES;
				CLANG_WARN_DEPRECATED_OBJC_IMPLEMENTATIONS = YES;
				CLANG_WARN_DIRECT_OBJC_ISA_USAGE = YES_ERROR;
				CLANG_WARN_DOCUMENTATION_COMMENTS = YES;
				CLANG_WARN_EMPTY_BODY = YES;
				CLANG_WARN_ENUM_CONVERSION = YES;
				CLANG_WARN_INFINITE_RECURSION = YES;
				CLANG_WARN_INT_CONVERSION = YES;
				CLANG_WARN_NON_LITERAL_NULL_CONVERSION = YES;
				CLANG_WARN_OBJC_IMPLICIT_RETAIN_SELF = YES;
				CLANG_WARN_OBJC_LITERAL_CONVERSION = YES;
				CLANG_WARN_OBJC_ROOT_CLASS = YES_ERROR;
				CLANG_WARN_QUOTED_INCLUDE_IN_FRAMEWORK_HEADER = YES;
				CLANG_WARN_RANGE_LOOP_ANALYSIS = YES;
				CLANG_WARN_STRICT_PROTOTYPES = YES;
				CLANG_WARN_SUSPICIOUS_MOVE = YES;
				CLANG_WARN_UNGUARDED_AVAILABILITY = YES_AGGRESSIVE;
				CLANG_WARN_UNREACHABLE_CODE = YES;
				CLANG_WARN__DUPLICATE_METHOD_MATCH = YES;
				COPY_PHASE_STRIP = NO;
				DEBUG_INFORMATION_FORMAT = "dwarf-with-dsym";
				ENABLE_NS_ASSERTIONS = NO;
				ENABLE_STRICT_OBJC_MSGSEND = YES;
				GCC_C_LANGUAGE_STANDARD = gnu11;
				GCC_NO_COMMON_BLOCKS = YES;
				GCC_WARN_64_TO_32_BIT_CONVERSION = YES;
				GCC_WARN_ABOUT_RETURN_TYPE = YES_ERROR;
				GCC_WARN_UNDECLARED_SELECTOR = YES;
				GCC_WARN_UNINITIALIZED_AUTOS = YES_AGGRESSIVE;
				GCC_WARN_UNUSED_FUNCTION = YES;
				GCC_WARN_UNUSED_VARIABLE = YES;
				IPHONEOS_DEPLOYMENT_TARGET = 15.5;
				MTL_ENABLE_DEBUG_INFO = NO;
				MTL_FAST_MATH = YES;
				SDKROOT = iphoneos;
				SWIFT_COMPILATION_MODE = wholemodule;
				SWIFT_OPTIMIZATION_LEVEL = "-O";
				VALIDATE_PRODUCT = YES;
			};
			name = Release;
		};
		9804A3DD28A06ED20022A2EA /* Debug */ = {
			isa = XCBuildConfiguration;
			buildSettings = {
				ASSETCATALOG_COMPILER_APPICON_NAME = AppIcon;
				ASSETCATALOG_COMPILER_GLOBAL_ACCENT_COLOR_NAME = AccentColor;
				CODE_SIGN_STYLE = Automatic;
				CURRENT_PROJECT_VERSION = 1;
				DEVELOPMENT_ASSET_PATHS = "\"Quizzer/Preview Content\"";
				ENABLE_PREVIEWS = YES;
				GENERATE_INFOPLIST_FILE = YES;
				INFOPLIST_KEY_UIApplicationSceneManifest_Generation = YES;
				INFOPLIST_KEY_UIApplicationSupportsIndirectInputEvents = YES;
				INFOPLIST_KEY_UILaunchScreen_Generation = YES;
				INFOPLIST_KEY_UISupportedInterfaceOrientations_iPad = "UIInterfaceOrientationPortrait UIInterfaceOrientationPortraitUpsideDown UIInterfaceOrientationLandscapeLeft UIInterfaceOrientationLandscapeRight";
				INFOPLIST_KEY_UISupportedInterfaceOrientations_iPhone = "UIInterfaceOrientationPortrait UIInterfaceOrientationLandscapeLeft UIInterfaceOrientationLandscapeRight";
				LD_RUNPATH_SEARCH_PATHS = (
					"$(inherited)",
					"@executable_path/Frameworks",
				);
				MARKETING_VERSION = 1.0;
				PRODUCT_BUNDLE_IDENTIFIER = "Grymas-Corp.Quizzer";
				PRODUCT_NAME = "$(TARGET_NAME)";
				SWIFT_EMIT_LOC_STRINGS = YES;
				SWIFT_VERSION = 5.0;
				TARGETED_DEVICE_FAMILY = "1,2";
			};
			name = Debug;
		};
		9804A3DE28A06ED20022A2EA /* Release */ = {
			isa = XCBuildConfiguration;
			buildSettings = {
				ASSETCATALOG_COMPILER_APPICON_NAME = AppIcon;
				ASSETCATALOG_COMPILER_GLOBAL_ACCENT_COLOR_NAME = AccentColor;
				CODE_SIGN_STYLE = Automatic;
				CURRENT_PROJECT_VERSION = 1;
				DEVELOPMENT_ASSET_PATHS = "\"Quizzer/Preview Content\"";
				ENABLE_PREVIEWS = YES;
				GENERATE_INFOPLIST_FILE = YES;
				INFOPLIST_KEY_UIApplicationSceneManifest_Generation = YES;
				INFOPLIST_KEY_UIApplicationSupportsIndirectInputEvents = YES;
				INFOPLIST_KEY_UILaunchScreen_Generation = YES;
				INFOPLIST_KEY_UISupportedInterfaceOrientations_iPad = "UIInterfaceOrientationPortrait UIInterfaceOrientationPortraitUpsideDown UIInterfaceOrientationLandscapeLeft UIInterfaceOrientationLandscapeRight";
				INFOPLIST_KEY_UISupportedInterfaceOrientations_iPhone = "UIInterfaceOrientationPortrait UIInterfaceOrientationLandscapeLeft UIInterfaceOrientationLandscapeRight";
				LD_RUNPATH_SEARCH_PATHS = (
					"$(inherited)",
					"@executable_path/Frameworks",
				);
				MARKETING_VERSION = 1.0;
				PRODUCT_BUNDLE_IDENTIFIER = "Grymas-Corp.Quizzer";
				PRODUCT_NAME = "$(TARGET_NAME)";
				SWIFT_EMIT_LOC_STRINGS = YES;
				SWIFT_VERSION = 5.0;
				TARGETED_DEVICE_FAMILY = "1,2";
			};
			name = Release;
		};
/* End XCBuildConfiguration section */

/* Begin XCConfigurationList section */
		9804A3C928A06ED10022A2EA /* Build configuration list for PBXProject "Quizzer" */ = {
			isa = XCConfigurationList;
			buildConfigurations = (
				9804A3DA28A06ED20022A2EA /* Debug */,
				9804A3DB28A06ED20022A2EA /* Release */,
			);
			defaultConfigurationIsVisible = 0;
			defaultConfigurationName = Release;
		};
		9804A3DC28A06ED20022A2EA /* Build configuration list for PBXNativeTarget "Quizzer" */ = {
			isa = XCConfigurationList;
			buildConfigurations = (
				9804A3DD28A06ED20022A2EA /* Debug */,
				9804A3DE28A06ED20022A2EA /* Release */,
			);
			defaultConfigurationIsVisible = 0;
			defaultConfigurationName = Release;
		};
/* End XCConfigurationList section */

/* Begin XCVersionGroup section */
		9804A3E428A07CA40022A2EA /* QuizzModel.xcdatamodeld */ = {
			isa = XCVersionGroup;
			children = (
				9804A3E528A07CA40022A2EA /* QuizzModel.xcdatamodel */,
			);
			currentVersion = 9804A3E528A07CA40022A2EA /* QuizzModel.xcdatamodel */;
			path = QuizzModel.xcdatamodeld;
			sourceTree = "<group>";
			versionGroupType = wrapper.xcdatamodel;
		};
/* End XCVersionGroup section */
	};
	rootObject = 9804A3C628A06ED10022A2EA /* Project object */;
}
